
Microsoft Visual Studio Solution File, Format Version 12.00
# Visual Studio Version 17
VisualStudioVersion = 17.4.32804.182
MinimumVisualStudioVersion = 10.0.40219.1
Project("{9A19103F-16F7-4668-BE54-9A1E7A4F7556}") = "SiteMonitoramento", "SiteMonitoramento.csproj", "{B5472E19-757B-499B-90CD-19D0716313AF}"
EndProject
Global
	GlobalSection(SolutionConfigurationPlatforms) = preSolution
		Debug|Any CPU = Debug|Any CPU
		Release|Any CPU = Release|Any CPU
	EndGlobalSection
	GlobalSection(ProjectConfigurationPlatforms) = postSolution
		{B5472E19-757B-499B-90CD-19D0716313AF}.Debug|Any CPU.ActiveCfg = Debug|Any CPU
		{B5472E19-757B-499B-90CD-19D0716313AF}.Debug|Any CPU.Build.0 = Debug|Any CPU
		{B5472E19-757B-499B-90CD-19D0716313AF}.Release|Any CPU.ActiveCfg = Release|Any CPU
		{B5472E19-757B-499B-90CD-19D0716313AF}.Release|Any CPU.Build.0 = Release|Any CPU
	EndGlobalSection
	GlobalSection(SolutionProperties) = preSolution
		HideSolutionNode = FALSE
	EndGlobalSection
	GlobalSection(ExtensibilityGlobals) = postSolution
		SolutionGuid = {21805219-3B96-47CB-B4EF-435C6839A747}
	EndGlobalSection
EndGlobal
